
Microsoft Visual Studio Solution File, Format Version 12.00
# Visual Studio Version 16
VisualStudioVersion = 16.0.810.13
MinimumVisualStudioVersion = 10.0.40219.1
Project("{FAE04EC0-301F-11D3-BF4B-00C04F79EFBC}") = "NoConfuseBool", "NoConfuseBool.csproj", "{BB3B0CB3-6867-4E7E-83DC-48F5AA4ED2C8}"
EndProject
Global
	GlobalSection(SolutionConfigurationPlatforms) = preSolution
		Debug|Any CPU = Debug|Any CPU
		Release|Any CPU = Release|Any CPU
	EndGlobalSection
	GlobalSection(ProjectConfigurationPlatforms) = postSolution
		{BB3B0CB3-6867-4E7E-83DC-48F5AA4ED2C8}.Debug|Any CPU.ActiveCfg = Debug|Any CPU
		{BB3B0CB3-6867-4E7E-83DC-48F5AA4ED2C8}.Debug|Any CPU.Build.0 = Debug|Any CPU
		{BB3B0CB3-6867-4E7E-83DC-48F5AA4ED2C8}.Release|Any CPU.ActiveCfg = Release|Any CPU
		{BB3B0CB3-6867-4E7E-83DC-48F5AA4ED2C8}.Release|Any CPU.Build.0 = Release|Any CPU
	EndGlobalSection
	GlobalSection(SolutionProperties) = preSolution
		HideSolutionNode = FALSE
	EndGlobalSection
	GlobalSection(ExtensibilityGlobals) = postSolution
		SolutionGuid = {D2D29CA6-E20C-41A7-9AA2-298D4AC822C4}
	EndGlobalSection
EndGlobal
